
Microsoft Visual Studio Solution File, Format Version 12.00
# Visual Studio Version 16
VisualStudioVersion = 16.0.29505.145
MinimumVisualStudioVersion = 10.0.40219.1
Project("{9A19103F-16F7-4668-BE54-9A1E7A4F7556}") = "01DefineAnInterfaceIPerson", "01DefineAnInterfaceIPerson\01DefineAnInterfaceIPerson.csproj", "{B720D1C3-68C9-42C5-AB44-063A9F24806D}"
EndProject
Project("{9A19103F-16F7-4668-BE54-9A1E7A4F7556}") = "08MilitaryElite", "08MilitaryElite\08MilitaryElite.csproj", "{F21BF6F8-46AC-4FF5-AAE5-48DC10DE4982}"
EndProject
Project("{FAE04EC0-301F-11D3-BF4B-00C04F79EFBC}") = "03Ferrari", "03Ferrari\03Ferrari.csproj", "{4EEEAAD6-4226-497B-8E02-0A3BAFE98D3A}"
EndProject
Project("{FAE04EC0-301F-11D3-BF4B-00C04F79EFBC}") = "04Telephony", "04Telephony\04Telephony.csproj", "{664D8BE5-B4AC-4360-83BD-52BE8FC8377F}"
EndProject
Global
	GlobalSection(SolutionConfigurationPlatforms) = preSolution
		Debug|Any CPU = Debug|Any CPU
		Release|Any CPU = Release|Any CPU
	EndGlobalSection
	GlobalSection(ProjectConfigurationPlatforms) = postSolution
		{B720D1C3-68C9-42C5-AB44-063A9F24806D}.Debug|Any CPU.ActiveCfg = Debug|Any CPU
		{B720D1C3-68C9-42C5-AB44-063A9F24806D}.Debug|Any CPU.Build.0 = Debug|Any CPU
		{B720D1C3-68C9-42C5-AB44-063A9F24806D}.Release|Any CPU.ActiveCfg = Release|Any CPU
		{B720D1C3-68C9-42C5-AB44-063A9F24806D}.Release|Any CPU.Build.0 = Release|Any CPU
		{F21BF6F8-46AC-4FF5-AAE5-48DC10DE4982}.Debug|Any CPU.ActiveCfg = Debug|Any CPU
		{F21BF6F8-46AC-4FF5-AAE5-48DC10DE4982}.Debug|Any CPU.Build.0 = Debug|Any CPU
		{F21BF6F8-46AC-4FF5-AAE5-48DC10DE4982}.Release|Any CPU.ActiveCfg = Release|Any CPU
		{F21BF6F8-46AC-4FF5-AAE5-48DC10DE4982}.Release|Any CPU.Build.0 = Release|Any CPU
		{4EEEAAD6-4226-497B-8E02-0A3BAFE98D3A}.Debug|Any CPU.ActiveCfg = Debug|Any CPU
		{4EEEAAD6-4226-497B-8E02-0A3BAFE98D3A}.Debug|Any CPU.Build.0 = Debug|Any CPU
		{4EEEAAD6-4226-497B-8E02-0A3BAFE98D3A}.Release|Any CPU.ActiveCfg = Release|Any CPU
		{4EEEAAD6-4226-497B-8E02-0A3BAFE98D3A}.Release|Any CPU.Build.0 = Release|Any CPU
		{664D8BE5-B4AC-4360-83BD-52BE8FC8377F}.Debug|Any CPU.ActiveCfg = Debug|Any CPU
		{664D8BE5-B4AC-4360-83BD-52BE8FC8377F}.Debug|Any CPU.Build.0 = Debug|Any CPU
		{664D8BE5-B4AC-4360-83BD-52BE8FC8377F}.Release|Any CPU.ActiveCfg = Release|Any CPU
		{664D8BE5-B4AC-4360-83BD-52BE8FC8377F}.Release|Any CPU.Build.0 = Release|Any CPU
	EndGlobalSection
	GlobalSection(SolutionProperties) = preSolution
		HideSolutionNode = FALSE
	EndGlobalSection
	GlobalSection(ExtensibilityGlobals) = postSolution
		SolutionGuid = {4C5DF9B9-DB3F-4659-8180-69C4CFB1F304}
	EndGlobalSection
EndGlobal
